{
  "version": 4,
  "terraform_version": "1.5.1",
  "serial": 3,
  "lineage": "c31d9062-2222-2c7d-94bf-c9608b5cefeb",
  "outputs": {},
  "resources": [
    {
      "mode": "managed",
      "type": "github_repository",
      "name": "terraform-first-repo",
      "provider": "provider[\"registry.terraform.io/hashicorp/github\"]",
      "instances": [
        {
          "schema_version": 1,
          "attributes": {
            "allow_auto_merge": false,
            "allow_merge_commit": true,
            "allow_rebase_merge": true,
            "allow_squash_merge": true,
            "allow_update_branch": false,
            "archive_on_destroy": null,
            "archived": false,
            "auto_init": true,
            "default_branch": "main",
            "delete_branch_on_merge": false,
            "description": "My terraform codebase",
            "etag": "W/\"eea3eacd1df9cef34d0afbfb2023912aa1fcaa030d18e275f2d98613159918e8\"",
            "full_name": "theshubhamgour/terraform-repo-github",
            "git_clone_url": "git://github.com/theshubhamgour/terraform-repo-github.git",
            "gitignore_template": null,
            "has_discussions": false,
            "has_downloads": false,
            "has_issues": false,
            "has_projects": false,
            "has_wiki": false,
            "homepage_url": "",
            "html_url": "https://github.com/theshubhamgour/terraform-repo-github",
            "http_clone_url": "https://github.com/theshubhamgour/terraform-repo-github.git",
            "id": "terraform-repo-github",
            "ignore_vulnerability_alerts_during_read": null,
            "is_template": false,
            "license_template": null,
            "merge_commit_message": "PR_TITLE",
            "merge_commit_title": "MERGE_MESSAGE",
            "name": "terraform-repo-github",
            "node_id": "R_kgDOJ0kAvQ",
            "pages": [],
            "private": false,
            "repo_id": 659095741,
            "security_and_analysis": [
              {
                "advanced_security": [],
                "secret_scanning": [
                  {
                    "status": "disabled"
                  }
                ],
                "secret_scanning_push_protection": [
                  {
                    "status": "disabled"
                  }
                ]
              }
            ],
            "squash_merge_commit_message": "COMMIT_MESSAGES",
            "squash_merge_commit_title": "COMMIT_OR_PR_TITLE",
            "ssh_clone_url": "git@github.com:theshubhamgour/terraform-repo-github.git",
            "svn_url": "https://github.com/theshubhamgour/terraform-repo-github",
            "template": [],
            "topics": null,
            "visibility": "public",
            "vulnerability_alerts": false
          },
          "sensitive_attributes": [],
          "private": "eyJzY2hlbWFfdmVyc2lvbiI6IjEifQ=="
        }
      ]
    }
  ],
  "check_results": null
}
