{
  "version": 4,
  "terraform_version": "1.5.1",
  "serial": 3,
  "lineage": "4c2bdecb-b1b0-8af8-49b5-4b5e9bc6e5f6",
  "outputs": {},
  "resources": [
    {
      "mode": "managed",
      "type": "github_repository",
      "name": "terraform-first-repo",
      "provider": "provider[\"registry.terraform.io/hashicorp/github\"]",
      "instances": [
        {
          "schema_version": 1,
          "attributes": {
            "allow_auto_merge": false,
            "allow_merge_commit": true,
            "allow_rebase_merge": true,
            "allow_squash_merge": true,
            "allow_update_branch": false,
            "archive_on_destroy": null,
            "archived": false,
            "auto_init": true,
            "default_branch": "main",
            "delete_branch_on_merge": false,
            "description": "My terraform codebase",
            "etag": "W/\"1cc5a89ae7c3c885e0470dd888b0ffd99bf2655c9cbe386d36ece241a97c1d0e\"",
            "full_name": "theshubhamgour/terraform-repo-github",
            "git_clone_url": "git://github.com/theshubhamgour/terraform-repo-github.git",
            "gitignore_template": null,
            "has_discussions": false,
            "has_downloads": false,
            "has_issues": false,
            "has_projects": false,
            "has_wiki": false,
            "homepage_url": "",
            "html_url": "https://github.com/theshubhamgour/terraform-repo-github",
            "http_clone_url": "https://github.com/theshubhamgour/terraform-repo-github.git",
            "id": "terraform-repo-github",
            "ignore_vulnerability_alerts_during_read": null,
            "is_template": false,
            "license_template": null,
            "merge_commit_message": "PR_TITLE",
            "merge_commit_title": "MERGE_MESSAGE",
            "name": "terraform-repo-github",
            "node_id": "R_kgDOJ0lFpA",
            "pages": [],
            "private": false,
            "repo_id": 659113380,
            "security_and_analysis": [
              {
                "advanced_security": [],
                "secret_scanning": [
                  {
                    "status": "disabled"
                  }
                ],
                "secret_scanning_push_protection": [
                  {
                    "status": "disabled"
                  }
                ]
              }
            ],
            "squash_merge_commit_message": "COMMIT_MESSAGES",
            "squash_merge_commit_title": "COMMIT_OR_PR_TITLE",
            "ssh_clone_url": "git@github.com:theshubhamgour/terraform-repo-github.git",
            "svn_url": "https://github.com/theshubhamgour/terraform-repo-github",
            "template": [],
            "topics": null,
            "visibility": "public",
            "vulnerability_alerts": false
          },
          "sensitive_attributes": [],
          "private": "eyJzY2hlbWFfdmVyc2lvbiI6IjEifQ=="
        }
      ]
    },
    {
      "mode": "managed",
      "type": "github_repository",
      "name": "terraform-second-repo",
      "provider": "provider[\"registry.terraform.io/hashicorp/github\"]",
      "instances": [
        {
          "schema_version": 1,
          "attributes": {
            "allow_auto_merge": false,
            "allow_merge_commit": true,
            "allow_rebase_merge": true,
            "allow_squash_merge": true,
            "allow_update_branch": false,
            "archive_on_destroy": null,
            "archived": false,
            "auto_init": true,
            "default_branch": "main",
            "delete_branch_on_merge": false,
            "description": "My terraform codebase-2",
            "etag": "W/\"d5f2d6c591c49d1b1980a6a263a0821c0532ac52a291788e6817f667480fc25a\"",
            "full_name": "theshubhamgour/terraform-repo-github-2",
            "git_clone_url": "git://github.com/theshubhamgour/terraform-repo-github-2.git",
            "gitignore_template": null,
            "has_discussions": false,
            "has_downloads": false,
            "has_issues": false,
            "has_projects": false,
            "has_wiki": false,
            "homepage_url": "",
            "html_url": "https://github.com/theshubhamgour/terraform-repo-github-2",
            "http_clone_url": "https://github.com/theshubhamgour/terraform-repo-github-2.git",
            "id": "terraform-repo-github-2",
            "ignore_vulnerability_alerts_during_read": null,
            "is_template": false,
            "license_template": null,
            "merge_commit_message": "PR_TITLE",
            "merge_commit_title": "MERGE_MESSAGE",
            "name": "terraform-repo-github-2",
            "node_id": "R_kgDOJ0lFrg",
            "pages": [],
            "private": false,
            "repo_id": 659113390,
            "security_and_analysis": [
              {
                "advanced_security": [],
                "secret_scanning": [
                  {
                    "status": "disabled"
                  }
                ],
                "secret_scanning_push_protection": [
                  {
                    "status": "disabled"
                  }
                ]
              }
            ],
            "squash_merge_commit_message": "COMMIT_MESSAGES",
            "squash_merge_commit_title": "COMMIT_OR_PR_TITLE",
            "ssh_clone_url": "git@github.com:theshubhamgour/terraform-repo-github-2.git",
            "svn_url": "https://github.com/theshubhamgour/terraform-repo-github-2",
            "template": [],
            "topics": null,
            "visibility": "public",
            "vulnerability_alerts": false
          },
          "sensitive_attributes": [],
          "private": "eyJzY2hlbWFfdmVyc2lvbiI6IjEifQ=="
        }
      ]
    }
  ],
  "check_results": null
}
